{
  "version": "5",
  "specifiers": {
    "jsr:@std/assert@1": "1.0.19",
    "jsr:@std/bytes@^1.0.6": "1.0.6",
    "jsr:@std/crypto@1": "1.1.0",
    "jsr:@std/csv@1": "1.0.6",
    "jsr:@std/encoding@1": "1.0.11",
    "jsr:@std/internal@^1.0.12": "1.0.14",
    "jsr:@std/internal@^1.0.14": "1.0.14",
    "jsr:@std/path@1": "1.1.6",
    "jsr:@std/streams@^1.0.17": "1.1.2",
    "jsr:@std/streams@^1.0.9": "1.1.2",
    "jsr:@std/tar@0.1": "0.1.10",
    "jsr:@zip-js/zip-js@2": "2.22.0",
    "npm:hyparquet-compressors@^1.1.0": "1.1.2",
    "npm:hyparquet-writer@0.16": "0.16.10",
    "npm:hyparquet@^1.31.0": "1.31.1",
    "npm:linkedom@0.18": "0.18.13",
    "npm:saxes@6": "6.0.0"
  },
  "jsr": {
    "@std/assert@1.0.19": {
      "integrity": "eaada96ee120cb980bc47e040f82814d786fe8162ecc53c91d8df60b8755991e",
      "dependencies": [
        "jsr:@std/internal@^1.0.12"
      ]
    },
    "@std/bytes@1.0.6": {
      "integrity": "f6ac6adbd8ccd99314045f5703e23af0a68d7f7e58364b47d2c7f408aeb5820a"
    },
    "@std/crypto@1.1.0": {
      "integrity": "b8d6d0a6377a32b213af2661ed7bf1062d94feac0c57def5526a8e74a95c3ec8"
    },
    "@std/csv@1.0.6": {
      "integrity": "52ef0e62799a0028d278fa04762f17f9bd263fad9a8e7f98c14fbd371d62d9fd",
      "dependencies": [
        "jsr:@std/streams@^1.0.9"
      ]
    },
    "@std/encoding@1.0.11": {
      "integrity": "e7cef2f0b3153bccc17431e7c864a1de03a4b6d9647389c43e08aaa775d37385"
    },
    "@std/internal@1.0.14": {
      "integrity": "291516b3d4c35024d6ffbc0a9df5bf4c64116e05b50012cf846710152d2ffdf7"
    },
    "@std/path@1.1.6": {
      "integrity": "c68485c2a4dfbb5ae3cc74fae4e8c4e5d874cf8a8ed12927917235c758b46cbe",
      "dependencies": [
        "jsr:@std/internal@^1.0.14"
      ]
    },
    "@std/streams@1.1.2": {
      "integrity": "0249bf9b78a999f57032ca4d8e7ccaa57579090242640b35ddc948fbb745d3af",
      "dependencies": [
        "jsr:@std/bytes"
      ]
    },
    "@std/tar@0.1.10": {
      "integrity": "6bf907f3a4bc8bfef42973ba132d946756a6161ef6b914a9e1c06debe664db17",
      "dependencies": [
        "jsr:@std/streams@^1.0.17"
      ]
    },
    "@zip-js/zip-js@2.22.0": {
      "integrity": "907ff5c65d6ec41af05aa525e4d46c00c5736539f710b0439c0dd443f4e1ddb6"
    }
  },
  "npm": {
    "boolbase@2.0.0": {
      "integrity": "sha512-DkVaaQHymRhpYEYo9x1oo7Q7B0Y6KJUsjm3c9eTyFDby4MHLBTwZ6ZDWBel5zrYxj1WsZgC5oLpiz+93MluXeA=="
    },
    "css-select@7.0.0": {
      "integrity": "sha512-snmjEVXy+1LnwXdxhYvTMj1d9tOh4HxkA1YmoayVBeeyR2C14Pum7fcxJIm4SswYspVy866eYNwlH6xC3/VH5g==",
      "dependencies": [
        "boolbase",
        "css-what",
        "domhandler@6.0.1",
        "domutils@4.0.2",
        "nth-check"
      ]
    },
    "css-what@8.0.0": {
      "integrity": "sha512-DH0Bqq3DNp5tdOReuNyAA+Ev4Y2GS5FMbZpeTLP6C4CDi0h5nL0BmUPChXw3o/qbHLDWHl49sbNqQVY7bMSDdw=="
    },
    "cssom@0.5.0": {
      "integrity": "sha512-iKuQcq+NdHqlAcwUY0o/HL69XQrUaQdMjmStJ8JFmUaiiQErlhrmuigkg/CU4E2J0IyUKUrMAgl36TvN67MqTw=="
    },
    "dom-serializer@2.0.0": {
      "integrity": "sha512-wIkAryiqt/nV5EQKqQpo3SToSOV9J0DnbJqwK7Wv/Trc92zIAYZ4FlMu+JPFW1DfGFt81ZTCGgDEabffXeLyJg==",
      "dependencies": [
        "domelementtype@2.3.0",
        "domhandler@5.0.3",
        "entities@4.5.0"
      ]
    },
    "dom-serializer@3.1.1": {
      "integrity": "sha512-4MEa38/QexBob6gFNwu+EGdWvhJ1OKuNwdYY3Y3NyeWDQfnGeDYQUDfIRzWu5B5gsv03so2Uxd28YC6zrsx3Lw==",
      "dependencies": [
        "domelementtype@3.0.0",
        "domhandler@6.0.1",
        "entities@8.1.0"
      ]
    },
    "domelementtype@2.3.0": {
      "integrity": "sha512-OLETBj6w0OsagBwdXnPdN0cnMfF9opN69co+7ZrbfPGrdpPVNBUj02spi6B1N7wChLQiPn4CSH/zJvXw56gmHw=="
    },
    "domelementtype@3.0.0": {
      "integrity": "sha512-umCQid3jKbDmVjx8jGaW7uUykm4DEUeyV21hPxNMo2nV955DhUThwqyOIDtreepP31hl84X7G5U9ZfsWvIB3Pg=="
    },
    "domhandler@5.0.3": {
      "integrity": "sha512-cgwlv/1iFQiFnU96XXgROh8xTeetsnJiDsTc7TYCLFd9+/WNkIqPTxiM/8pSd8VIrhXGTf1Ny1q1hquVqDJB5w==",
      "dependencies": [
        "domelementtype@2.3.0"
      ]
    },
    "domhandler@6.0.1": {
      "integrity": "sha512-gYzvtM72ZtxQO0T048kd6HWSbbGCNOUwcnfQ01cqIJ4X2IYKFFHZ5mKvrQETcFXxsRObZulDaKmy//R7TPtsBg==",
      "dependencies": [
        "domelementtype@3.0.0"
      ]
    },
    "domutils@3.2.2": {
      "integrity": "sha512-6kZKyUajlDuqlHKVX1w7gyslj9MPIXzIFiz/rGu35uC1wMi+kMhQwGhl4lt9unC9Vb9INnY9Z3/ZA3+FhASLaw==",
      "dependencies": [
        "dom-serializer@2.0.0",
        "domelementtype@2.3.0",
        "domhandler@5.0.3"
      ]
    },
    "domutils@4.0.2": {
      "integrity": "sha512-qI4JLRKnSzqFqr7hAlS5xQDusBCjKSEG4t4+7aNrIQMHBcsC2TGEhuyABJdYkgSewL57PNLYEiibY2iPKhKpaA==",
      "dependencies": [
        "dom-serializer@3.1.1",
        "domelementtype@3.0.0",
        "domhandler@6.0.1"
      ]
    },
    "entities@4.5.0": {
      "integrity": "sha512-V0hjH4dGPh9Ao5p0MoRY6BVqtwCjhz6vI5LT8AJ55H+4g9/4vbHx1I54fS0XuclLhDHArPQCiMjDxjaL8fPxhw=="
    },
    "entities@7.0.1": {
      "integrity": "sha512-TWrgLOFUQTH994YUyl1yT4uyavY5nNB5muff+RtWaqNVCAK408b5ZnnbNAUEWLTCpum9w6arT70i1XdQ4UeOPA=="
    },
    "entities@8.1.0": {
      "integrity": "sha512-kxL7msIffSuh9aaFAMD7rxAIuTRMAHMeBtgHW2yUdWw732ZNh4MehkF2gdjvtdmikkaIP9bFDDJOPlsvm7avrA=="
    },
    "fzstd@0.1.1": {
      "integrity": "sha512-dkuVSOKKwh3eas5VkJy1AW1vFpet8TA/fGmVA5krThl8YcOVE/8ZIoEA1+U1vEn5ckxxhLirSdY837azmbaNHA=="
    },
    "html-escaper@3.0.3": {
      "integrity": "sha512-RuMffC89BOWQoY0WKGpIhn5gX3iI54O6nRA0yC124NYVtzjmFWBIiFd8M0x+ZdX0P9R4lADg1mgP8C7PxGOWuQ=="
    },
    "htmlparser2@10.1.0": {
      "integrity": "sha512-VTZkM9GWRAtEpveh7MSF6SjjrpNVNNVJfFup7xTY3UpFtm67foy9HDVXneLtFVt4pMz5kZtgNcvCniNFb1hlEQ==",
      "dependencies": [
        "domelementtype@2.3.0",
        "domhandler@5.0.3",
        "domutils@3.2.2",
        "entities@7.0.1"
      ]
    },
    "hyparquet-compressors@1.1.2": {
      "integrity": "sha512-0Hx6w0ZpVpNCefKy5xBYLTp6rKeZn/tsUzuliNzfKqSCdLcTQSfwATEoeedS703Y17k1qNS61HwRME5aOeNkPg==",
      "dependencies": [
        "fzstd",
        "hysnappy"
      ]
    },
    "hyparquet-writer@0.16.10": {
      "integrity": "sha512-53fpiA57kdJ2V7X97/VSAzHr8rb8Z2cr126T1pTL9TapZNOP/wNJqFh+jc7dRwwg9TpVMYeRNDMb+r5oiLqwjg==",
      "dependencies": [
        "hyparquet"
      ]
    },
    "hyparquet@1.31.1": {
      "integrity": "sha512-tF9580Xb+41+Eb+mH0av1k7m1PWl+PSKrX66Yd7UOZ760cwEXP9/enwHRMSCeVncaubRI8XPb3v580/ujYKK5w=="
    },
    "hysnappy@1.1.1": {
      "integrity": "sha512-/V9XcN2NtRyWjR4LYMfvnvasVVF8jbT/ej0eofBQjZel91E3D813FQ3mQC6gDSMMTCq/FJh28XHeyqr3I/oBRw=="
    },
    "linkedom@0.18.13": {
      "integrity": "sha512-ES/o9qotMpzpN2MHs+Iq/JcVoOj8Fa5wiQYrTdFpvAnwXL0g66XHHUc9WUMk6nAlBtGsFQ24ne+SYnvnaQ2FSw==",
      "dependencies": [
        "css-select",
        "cssom",
        "html-escaper",
        "htmlparser2",
        "uhyphen"
      ]
    },
    "nth-check@3.0.1": {
      "integrity": "sha512-GX0gsdbGVCgnRgbeGaubfjpBXyYRWOOCVeYh08bSQvDZqxz5ndXs1OTfAt/h36G1xvI94YIspsI0sVFqAV9+RQ==",
      "dependencies": [
        "boolbase"
      ]
    },
    "saxes@6.0.0": {
      "integrity": "sha512-xAg7SOnEhrm5zI3puOOKyy1OMcMlIJZYNJY7xLBwSze0UjhPLnWfj2GF2EpT0jmzaJKIWKHLsaSSajf35bcYnA==",
      "dependencies": [
        "xmlchars"
      ]
    },
    "uhyphen@0.2.0": {
      "integrity": "sha512-qz3o9CHXmJJPGBdqzab7qAYuW8kQGKNEuoHFYrBwV6hWIMcpAmxDLXojcHfFr9US1Pe6zUswEIJIbLI610fuqA=="
    },
    "xmlchars@2.2.0": {
      "integrity": "sha512-JZnDKK8B0RCDw84FNdDAIpZK+JuJw+s7Lz8nksI7SIuU3UXJJslUthsi+uWBUYOwPFwW7W7PRLRfUKpxjtjFCw=="
    }
  },
  "workspace": {
    "dependencies": [
      "jsr:@std/assert@1",
      "jsr:@std/crypto@1",
      "jsr:@std/csv@1",
      "jsr:@std/encoding@1",
      "jsr:@std/path@1",
      "jsr:@std/tar@0.1",
      "jsr:@zip-js/zip-js@2",
      "npm:hyparquet-compressors@^1.1.0",
      "npm:hyparquet-writer@0.16",
      "npm:hyparquet@^1.31.0",
      "npm:linkedom@0.18",
      "npm:saxes@6"
    ]
  }
}
